
Microsoft Visual Studio Solution File, Format Version 12.00
# Visual Studio 15
VisualStudioVersion = 15.0.27130.0
MinimumVisualStudioVersion = 10.0.40219.1
Project("{6EC3EE1D-3C4E-46DD-8F32-0CC8E7565705}") = "EmptyBox.Mathematics", "EmptyBox.Mathematics\EmptyBox.Mathematics.fsproj", "{9A0B96AF-04AB-42C7-B882-CEAB888A98BA}"
EndProject
Project("{FAE04EC0-301F-11D3-BF4B-00C04F79EFBC}") = "EmptyBox.Mathematics.Tests", "EmptyBox.Mathematics.Tests\EmptyBox.Mathematics.Tests.csproj", "{56B9A44A-E94D-4AFB-B75D-511E243B2D68}"
EndProject
Project("{FAE04EC0-301F-11D3-BF4B-00C04F79EFBC}") = "EmptyBox.Mathematics.ConsoleTests", "EmptyBox.Mathematics.ConsoleTests\EmptyBox.Mathematics.ConsoleTests.csproj", "{BB3715D0-A3B9-4E5F-9C95-31A16009CD97}"
EndProject
Global
	GlobalSection(SolutionConfigurationPlatforms) = preSolution
		Debug|Any CPU = Debug|Any CPU
		Debug|x64 = Debug|x64
		Debug|x86 = Debug|x86
		Release|Any CPU = Release|Any CPU
		Release|x64 = Release|x64
		Release|x86 = Release|x86
	EndGlobalSection
	GlobalSection(ProjectConfigurationPlatforms) = postSolution
		{9A0B96AF-04AB-42C7-B882-CEAB888A98BA}.Debug|Any CPU.ActiveCfg = Debug|Any CPU
		{9A0B96AF-04AB-42C7-B882-CEAB888A98BA}.Debug|Any CPU.Build.0 = Debug|Any CPU
		{9A0B96AF-04AB-42C7-B882-CEAB888A98BA}.Debug|x64.ActiveCfg = Debug|Any CPU
		{9A0B96AF-04AB-42C7-B882-CEAB888A98BA}.Debug|x64.Build.0 = Debug|Any CPU
		{9A0B96AF-04AB-42C7-B882-CEAB888A98BA}.Debug|x86.ActiveCfg = Debug|Any CPU
		{9A0B96AF-04AB-42C7-B882-CEAB888A98BA}.Debug|x86.Build.0 = Debug|Any CPU
		{9A0B96AF-04AB-42C7-B882-CEAB888A98BA}.Release|Any CPU.ActiveCfg = Release|Any CPU
		{9A0B96AF-04AB-42C7-B882-CEAB888A98BA}.Release|Any CPU.Build.0 = Release|Any CPU
		{9A0B96AF-04AB-42C7-B882-CEAB888A98BA}.Release|x64.ActiveCfg = Release|Any CPU
		{9A0B96AF-04AB-42C7-B882-CEAB888A98BA}.Release|x64.Build.0 = Release|Any CPU
		{9A0B96AF-04AB-42C7-B882-CEAB888A98BA}.Release|x86.ActiveCfg = Release|Any CPU
		{9A0B96AF-04AB-42C7-B882-CEAB888A98BA}.Release|x86.Build.0 = Release|Any CPU
		{56B9A44A-E94D-4AFB-B75D-511E243B2D68}.Debug|Any CPU.ActiveCfg = Debug|Any CPU
		{56B9A44A-E94D-4AFB-B75D-511E243B2D68}.Debug|Any CPU.Build.0 = Debug|Any CPU
		{56B9A44A-E94D-4AFB-B75D-511E243B2D68}.Debug|x64.ActiveCfg = Debug|Any CPU
		{56B9A44A-E94D-4AFB-B75D-511E243B2D68}.Debug|x64.Build.0 = Debug|Any CPU
		{56B9A44A-E94D-4AFB-B75D-511E243B2D68}.Debug|x86.ActiveCfg = Debug|Any CPU
		{56B9A44A-E94D-4AFB-B75D-511E243B2D68}.Debug|x86.Build.0 = Debug|Any CPU
		{56B9A44A-E94D-4AFB-B75D-511E243B2D68}.Release|Any CPU.ActiveCfg = Release|Any CPU
		{56B9A44A-E94D-4AFB-B75D-511E243B2D68}.Release|Any CPU.Build.0 = Release|Any CPU
		{56B9A44A-E94D-4AFB-B75D-511E243B2D68}.Release|x64.ActiveCfg = Release|Any CPU
		{56B9A44A-E94D-4AFB-B75D-511E243B2D68}.Release|x64.Build.0 = Release|Any CPU
		{56B9A44A-E94D-4AFB-B75D-511E243B2D68}.Release|x86.ActiveCfg = Release|Any CPU
		{56B9A44A-E94D-4AFB-B75D-511E243B2D68}.Release|x86.Build.0 = Release|Any CPU
		{BB3715D0-A3B9-4E5F-9C95-31A16009CD97}.Debug|Any CPU.ActiveCfg = Debug|Any CPU
		{BB3715D0-A3B9-4E5F-9C95-31A16009CD97}.Debug|Any CPU.Build.0 = Debug|Any CPU
		{BB3715D0-A3B9-4E5F-9C95-31A16009CD97}.Debug|x64.ActiveCfg = Debug|Any CPU
		{BB3715D0-A3B9-4E5F-9C95-31A16009CD97}.Debug|x64.Build.0 = Debug|Any CPU
		{BB3715D0-A3B9-4E5F-9C95-31A16009CD97}.Debug|x86.ActiveCfg = Debug|Any CPU
		{BB3715D0-A3B9-4E5F-9C95-31A16009CD97}.Debug|x86.Build.0 = Debug|Any CPU
		{BB3715D0-A3B9-4E5F-9C95-31A16009CD97}.Release|Any CPU.ActiveCfg = Release|Any CPU
		{BB3715D0-A3B9-4E5F-9C95-31A16009CD97}.Release|Any CPU.Build.0 = Release|Any CPU
		{BB3715D0-A3B9-4E5F-9C95-31A16009CD97}.Release|x64.ActiveCfg = Release|Any CPU
		{BB3715D0-A3B9-4E5F-9C95-31A16009CD97}.Release|x64.Build.0 = Release|Any CPU
		{BB3715D0-A3B9-4E5F-9C95-31A16009CD97}.Release|x86.ActiveCfg = Release|Any CPU
		{BB3715D0-A3B9-4E5F-9C95-31A16009CD97}.Release|x86.Build.0 = Release|Any CPU
	EndGlobalSection
	GlobalSection(SolutionProperties) = preSolution
		HideSolutionNode = FALSE
	EndGlobalSection
	GlobalSection(ExtensibilityGlobals) = postSolution
		SolutionGuid = {920D45F6-F86A-4C2C-8F81-383C0A853525}
	EndGlobalSection
EndGlobal
